{
    "_meta": {
        "hash": {
            "sha256": "f588e4fcf1346077608c6f180682acd94bc84d5ba3dd9967f166c39089a6d843"
        },
        "pipfile-spec": 6,
        "requires": {
            "python_version": "3.6"
        },
        "sources": [
            {
                "name": "pypi",
                "url": "https://pypi.python.org/simple",
                "verify_ssl": true
            }
        ]
    },
    "default": {
        "appnope": {
            "hashes": [
                "sha256:5b26757dc6f79a3b7dc9fab95359328d5747fcb2409d331ea66d0272b90ab2a0",
                "sha256:8b995ffe925347a2138d7ac0fe77155e4311a0ea6d6da4f5128fe4b3cbe5ed71"
            ],
            "index": "pypi",
            "version": "==0.1.0"
        },
        "argparse": {
            "hashes": [
                "sha256:ddaf4b0a618335a32b6664d4ae038a1de8fbada3b25033f9021510ed2b3941a4"
            ],
            "index": "pypi",
            "version": "==1.2.1"
        },
        "backports-abc": {
            "hashes": [
                "sha256:8b3e4092ba3d541c7a2f9b7d0d9c0275b21c6a01c53a61c731eba6686939d0a5",
                "sha256:c64508e766dfe09a94a442c12b57c6e098a402921ecb340a4ec57c7e10fd464c"
            ],
            "index": "pypi",
            "version": "==0.4"
        },
        "backports.ssl-match-hostname": {
            "hashes": [
                "sha256:502ad98707319f4a51fa2ca1c677bd659008d27ded9f6380c79e8932e38dcdf2"
            ],
            "index": "pypi",
            "version": "==3.5.0.1"
        },
        "certifi": {
            "hashes": [
                "sha256:2bbf76fd432960138b3ef6dda3dde0544f27cbf8546c458e60baf371917ba9ee",
                "sha256:50b1e4f8446b06f41be7dd6338db18e0990601dce795c2b1686458aa7e8fa7d8"
            ],
            "version": "==2021.5.30"
        },
        "chardet": {
            "hashes": [
                "sha256:84ab92ed1c4d4f16916e05906b6b75a6c0fb5db821cc65e70cbd64a3e2a5eaae",
                "sha256:fc323ffcaeaed0e0a02bf4d117757b98aed530d9ed4531e3e15460124c106691"
            ],
            "version": "==3.0.4"
        },
        "click": {
            "hashes": [
                "sha256:8c04c11192119b1ef78ea049e0a6f0463e4c48ef00a30160c704337586f3ad7a",
                "sha256:fba402a4a47334742d782209a7c79bc448911afe1149d07bdabdf480b3e2f4b6"
            ],
            "markers": "python_version >= '3.6'",
            "version": "==8.0.1"
        },
        "cycler": {
            "hashes": [
                "sha256:1d8a5ae1ff6c5cf9b93e8811e581232ad8920aeec647c37316ceac982b08cb2d",
                "sha256:cd7b2d1018258d7247a71425e9f26463dfb444d411c39569972f4ce586b0c9d8"
            ],
            "index": "pypi",
            "version": "==0.10.0"
        },
        "cython": {
            "hashes": [
                "sha256:12efb3c1b221a99a9bfac206cd687f4ba3a0dd8f186cbf64785cef6517fd3147",
                "sha256:16210e8b3e64b3d6b27ce4f0d53e78640e91a5e0a8d1d739adbf75b5eb698871",
                "sha256:185cf9b99164d1afce462c685f0edde99015d909e15763494dffe2b47fd4cbcb",
                "sha256:1f4b1408bd2c5c24ac6313c82843313c677072f0dea0c041019669a10b194ca3",
                "sha256:25f7ac45b8bf06739ecd22186c5405e62832564586dfc33fc620e35477c29d2c",
                "sha256:308896331c85547b4bf3da940000dbc03e6a28ef38a292508c57414701839601",
                "sha256:335d5afed98960937257b0b113e5898060cc3e79ed7c28adfb289d55ca0eb017",
                "sha256:43a9eafa95b021229550b70de6bfc3cce2e198513dcc8ffd55f4916b50d25aea",
                "sha256:475fd6ca6e59a64442fe0926a82eaaeb8474f8eb0dca0f3fc09f8e4f7ef26b5f",
                "sha256:4983354d35f14decdf9bea85e54e5dcaa06967a3b016cac3ea2c9d4d2cbc4146",
                "sha256:50edcb346e6d4f4b4881d3c473cb804ea7b9fe910f9f6308cf89b684eae8fc64",
                "sha256:51b3dd45cd311fd05bab71c114349c329fceb21d47481440d534d9e02d2e9167",
                "sha256:61731d93af1388b5adb1ea9fe485aba62331e7c387e1f3d67639d0649a378c70",
                "sha256:6464f875934483fc7be1dc6663a191ba306a2c3d4041f555be917f83b1b7009e",
                "sha256:6c008b7eda7da74bd222d88923e9381f25cd235958333a6da454f60ced634a6f",
                "sha256:6f30bd0c9a1b1fe2ef38d530431d0efbd46bfb3ea681c7c14ab8054c571c9ab7",
                "sha256:87c2d19ff56276ba67083e2466516c4b8a787ab15d5562dadc57f43fa2f4c547",
                "sha256:8c42126986cdc0186139487f97bcaa0835634ebe4ea64a548c9591751a508148",
                "sha256:9ab170d1ab65b6e58cddefe2d3d4545891d99a9ec58f2d9ff2054bba5cf1e7b4",
                "sha256:a4d7cac05f411e71b6b6e812f781da20665add998b0a9a3ed98ef1b66e3f0b79",
                "sha256:b1c8f489e5ce9c961bff89f8d3e84e8f4da366e0c7aae81f46ec6401446ef8ff",
                "sha256:cf6ce3f98b90817c53014ded2d1792cabfcf8a042aa4c0e6088598acc3141790",
                "sha256:d65b60db3f7e57e0c2afcbb0e94845cf8a10fdd2920f37cbd032f24040d7ae02",
                "sha256:d6b7863c59dd9e149a2b3583d47990834c9d36be153735d43997d0ff1e80d89c",
                "sha256:d85417af8bf6add9f1f41b5918acf9da2701e252234092a6dbec6c6a2236341d",
                "sha256:e2928580127a43a616565aeb354a6cdcf8ae72829852d2298c517dfc322e7347",
                "sha256:f01e03638423dcd1555f5fccc67a9adce4aec99e645eee01f43ea091c5844053",
                "sha256:f141d1f9c27a07b5a93f7dc5339472067e2d7140d1c5a9e20112a5665ca60306"
            ],
            "index": "pypi",
            "version": "==0.25.2"
        },
        "decorator": {
            "hashes": [
                "sha256:1c6254597777fd003da2e8fb503c3dbf3d9e8f8d55f054709c0e65be3467209c",
                "sha256:cc3dcda7835a7eafa887fad9d6a69b2d5fd77c0b1c2a1608f52b48e345e37206"
            ],
            "index": "pypi",
            "version": "==4.0.6"
        },
        "future": {
            "hashes": [
                "sha256:e39ced1ab767b5936646cedba8bcce582398233d6a627067d4c6a454c90cfedb"
            ],
            "index": "pypi",
            "version": "==0.16.0"
        },
        "h5py": {
            "hashes": [
                "sha256:02c625ae0b05bc5773cc4ebe7fb4325e00171752f25484c5bd3b3bff90dd0ff4",
                "sha256:065eb517aeac99901e7e3e797c390c3da73ce7a07c311e4f641e6507d212327b",
                "sha256:154750cfb37a7879844b118a317a3408f928ebadab0925070461d2aad9f1be47",
                "sha256:1a5d92e91dc78acf6fc2269251bb359548511deb96a561d65bd03e98e128eb77",
                "sha256:1d761f303e2aa1e71b310176d402adccdc6064a1529f08010ead813cd677db1a",
                "sha256:26a11956cc74571c66fcce2db80cef61887621e1339f8432a05d1f1ba6b9f325",
                "sha256:2db2b5d14887930057f3071ba1fbb17862d0d15653043455fa1aade6df8561f5",
                "sha256:3f24b2fb80e550f24679020af3bebdcb07839d45c1e60dff272bce0228bd539a",
                "sha256:4ce87d05ddd99c3d93b92cff57d0ff7cc3bc3b8c9337b7ae176b0530b90baad2",
                "sha256:531ecbe9530ae7f0245b99d447ad2d0dc1622518ce2181ae84febd6f2e9fec9d",
                "sha256:70fa8413567d0d2e63f32b1a1dbb1e23250be6d2a5034e616c9952c722e0982b",
                "sha256:79254312df2e6154c4928f5e3b22f7a2847b6e5ffb05ddc33e37b16e76d36310",
                "sha256:908a3c3b9dc6e1f9e4026b1493947db559e48ed718d4d05655cbfe97528161c1",
                "sha256:b5f130a7b49f0547a9d43c0090be59d09b7ebb8255dae0a2446513640709c7b1",
                "sha256:b97d57f12e6a6e45532fd3625d913c6b01a684d142622e8d433ab571cdc74692",
                "sha256:c08b1fd37a86400cd99c470412098c920e5f04641977ea22724a67983e91efde",
                "sha256:c3071492d75ba2a92a9f0fcb17e31a041273fe5fa4166bc3ab27cddfcc31d474",
                "sha256:c38755c97bcc4b5fb6c230ed8b07ab3d606e73e58212e72363d6fd49371cc228",
                "sha256:c3d0653ae907e9e2824276aec59481ede814d81e031749c670102d193500b0bf",
                "sha256:d8e0b16b2e422f4d76ae5513cb0acda42f7a2b9eb602e3eea7fc4b948d0d8eb4",
                "sha256:e61a2d1c267377eb090f79485c59ca7932a9bed3ac86231c9a10b3c349bb9521",
                "sha256:eee52414b189b8bce8718e3b1a23afd14212ca4a269640bf07e7f7f20a3d9f49",
                "sha256:fb41259fbbfb5898013dbcd2d1e4951847bf4d4395f77071b902107564692fec"
            ],
            "index": "pypi",
            "version": "==2.7.0"
        },
        "idna": {
            "hashes": [
                "sha256:2c6a5de3089009e3da7c5dde64a141dbc8551d5b7f6cf4ed7c2568d0cc520a8f",
                "sha256:8c7309c718f94b3a625cb648ace320157ad16ff131ae0af362c9f21b80ef6ec4"
            ],
            "version": "==2.6"
        },
        "importlib-metadata": {
            "hashes": [
                "sha256:b618b6d2d5ffa2f16add5697cf57a46c76a56229b0ed1c438322e4e95645bd15",
                "sha256:f284b3e11256ad1e5d03ab86bb2ccd6f5339688ff17a4d797a0fe7df326f23b1"
            ],
            "markers": "python_version < '3.8'",
            "version": "==4.8.1"
        },
        "ipykernel": {
            "hashes": [
                "sha256:3b9e92d78559eeee191d07aab88211c73c0f7eae8d9dddf7d2faa23d61b8361d",
                "sha256:5bef3f684fb2891ee94b594358f74ed855c6dfd36290ddd19c81755cd04ec268",
                "sha256:a876da43e01acec2c305abdd8e6aa55f052bab1196171ccf1cb9a6aa230298b0"
            ],
            "index": "pypi",
            "version": "==4.2.2"
        },
        "ipython": {
            "hashes": [
                "sha256:3bd3b78abc4f43b9ea7fa5353a2a9ba01af8ac4aec5d11e78fa5cbcec105432e",
                "sha256:42293f40d14197bed731184b42f90362a180b743777590936799bb97030f9620",
                "sha256:a44c9f5cd78c27382bae0d48e4f19d57f43467a42016dcc7b5c5363c45fdc607",
                "sha256:e444e340098a5ec01b7239d3590fa4e22ac618e3ead1593367f2f0b0808f9ef2"
            ],
            "index": "pypi",
            "version": "==4.0.1"
        },
        "ipython-genutils": {
            "hashes": [
                "sha256:0c43fa84e93ad0e4dbecaffc6656ac1caf1a48359b2bb0a5da3af84164e3f49b",
                "sha256:3a0624a251a26463c9dfa0ffa635ec51c4265380980d9a50d65611c3c2bd82a6",
                "sha256:6218e9abd612fb5acfb175ea7c7b026006de4df9691d9a73c9b390cfa1a41c2b"
            ],
            "index": "pypi",
            "version": "==0.1.0"
        },
        "ipywidgets": {
            "hashes": [
                "sha256:b9b0426659c5a9fbbb5084b3a353b2cf5fb5122fa083707ecd724e10c99f3f65",
                "sha256:ceeb325e45ade9537c2d115fed9d522e5c6e90bb161592e2f0807375dc661028"
            ],
            "index": "pypi",
            "version": "==4.1.1"
        },
        "jinja2": {
            "hashes": [
                "sha256:1cc03ef32b64be19e0a5b54578dd790906a34943fe9102cfdae0d4495bd536b4",
                "sha256:bc1ff2ff88dbfacefde4ddde471d1417d3b304e8df103a7a9437d47269201bf4"
            ],
            "index": "pypi",
            "version": "==2.8"
        },
        "joblib": {
            "hashes": [
                "sha256:9c17567692206d2f3fb9ecf5e991084254fe631665c450b443761c4186a613f7",
                "sha256:feeb1ec69c4d45129954f1b7034954241eedfd6ba39b5e9e4b6883be3332d5e5"
            ],
            "markers": "python_version >= '3.6'",
            "version": "==1.0.1"
        },
        "jsonschema": {
            "hashes": [
                "sha256:36673ac378feed3daa5956276a829699056523d7961027911f064b52255ead41",
                "sha256:71e7b3bcf9fca408bcb65bb60892f375d3abdd2e4f296eeeb8fe0bbbfcde598e",
                "sha256:9088494da4c74497a7a27842ae4ca9c3355b5f7754121edc440463eaf020f079"
            ],
            "index": "pypi",
            "version": "==2.5.1"
        },
        "jupyter": {
            "hashes": [
                "sha256:3e1f86076bbb7c8c207829390305a2b1fe836d471ed54be66a3b8c41e7f46cc7",
                "sha256:5b290f93b98ffbc21c0c7e749f054b3267782166d72fa5e3ed1ed4eaf34a2b78",
                "sha256:d9dc4b3318f310e34c82951ea5d6683f67bed7def4b259fafbfe4f1beb1d8e5f"
            ],
            "index": "pypi",
            "version": "==1.0.0"
        },
        "jupyter-client": {
            "hashes": [
                "sha256:05a57405a8fd149356147cfa5e545bdeeed85bf5f4f7d2606144a04335a1e28c",
                "sha256:c1290dadbd215e12ef72b8350155538dd59dc462fe37d46d2a31be9359d5c31d",
                "sha256:ff1ef5c6c3031a62db46ec6329867b4cb1595e6102a7819b3b5252b0c524bdb8"
            ],
            "index": "pypi",
            "version": "==4.1.1"
        },
        "jupyter-console": {
            "hashes": [
                "sha256:555be6963a8f6431fbe1d424c7ffefee90824758058e4c9a2ab3aa045948eb85",
                "sha256:7824e606f3c60ddb56843c300267502fbe0ac961f5186ce5c4541b594b433391",
                "sha256:ee6ce278897abf45d5abc6e83e685847d198eecfdbc59bfda45b5798200db2c2"
            ],
            "index": "pypi",
            "version": "==4.0.3"
        },
        "jupyter-core": {
            "hashes": [
                "sha256:4e69b7a5ba2113d5467e2339945643562507d23f639bf9b1f9d15fc3ada8b77c",
                "sha256:96a68a3b1d018ff7776270b26b7cb0cfd7a18a53ef2061421daff435707d198c",
                "sha256:985f2de832fef15a159b8d6ff14e4a90b7a10cb1f9beb102da710fd4cfcfd630"
            ],
            "index": "pypi",
            "version": "==4.0.6"
        },
        "markupsafe": {
            "hashes": [
                "sha256:a4ec1aff59b95a14b45eb2e23761a0179e98319da5a7eb76b56ea8cdc7b871c3"
            ],
            "index": "pypi",
            "version": "==0.23"
        },
        "matplotlib": {
            "hashes": [
                "sha256:1f4008bc8eb3b3d1bb8e0baa0d80f715faf4e56868b54207bad715f19cb58bec",
                "sha256:232d16c168e45a47d13cccdd8f15c57294ba8bfb08f2987c5ca4cb48b14a2ae1",
                "sha256:2336234af83a34f933e44774b22dc338008b65c3c1b8c0ec5ebf030fa2dd810d",
                "sha256:36cf0985829c1ab2b8b1dae5e2272e53ae681bf33ab8bedceed4f0565af5f813",
                "sha256:3c590e857cabbaa4482a442bd43ac6cdd5ca5cfc0842206f066d9a3fd008a9d5",
                "sha256:519bb90fe31b6de9fa3748a9f3aa3167f66c2cd6afb62c50f7b08d8e77a6cda6",
                "sha256:68812731a15714acc54a8a6deceed9f40b4701bbdb0f3868efd5aaa9d42616aa",
                "sha256:8481a8b7f193a297dbdc506b20ca2a107a1268917de3005e9cbf44086b2ef0ea",
                "sha256:8cef2f7e11c7a1fb35999d35531276b0a5ecbc3314fa12fed162e0248b8216c1",
                "sha256:904a175465c38901446054012f072d5bac0e11d29ed8680db1fefadca49280cf",
                "sha256:9407e9ff58e1389801ce2c44e3fe6f17c4ef5d711f1a8578252be3fa02ba1f42",
                "sha256:955d85d3776cb88dac3c7548408f38f5634e8e8dc84c2c8832f1cfa9a81d38d6",
                "sha256:9f3c06e162c1164a2bd0c3ab3de9e0b0edf1e95dd179acca13ddb397072f40bf",
                "sha256:a44d76adf2ec926065938a826fd4285f68372a7f68ece984888902691569323f",
                "sha256:aef5e500778d67ad3c7ebba8de6a250efffc473b0f65b5e52d1f0f7293a64e24",
                "sha256:b2f457bdf65f2779c9e863649fb4f7e081e0b0ccb26c6d4f04243eb1d25a8976",
                "sha256:bcb21c7b25b6cdaf817d1543fd55e30feafeda0aeb1b07f7b937e6078f06dcdf",
                "sha256:c28dc247902c2fcbdf21aa1a3ed4d16b9656df2ea64122cb71681a2e298426d2",
                "sha256:d9cc87d24d4823dfd58aa367aa998aa16638c9ae896c766a54d347f40f4851e1",
                "sha256:e63b1b2675557cffe1251dd3ca622ed9d76f0e1d57e44ad8661347f37dd466a6",
                "sha256:e83ca613859ddbf12272c4ad861f4f588686f7a1faa567f2f21ca61c72199f66",
                "sha256:fcc9c9e94fa9bdefd630853d9937fa47131685eeae2e22242c9b68973f9f13ce",
                "sha256:fd56caf5883fcac895a7009f61249204533e67354c017dcccb9821205f2210ff"
            ],
            "index": "pypi",
            "version": "==2.0.0"
        },
        "mistune": {
            "hashes": [
                "sha256:0c5e14c9621cb012dad801c09f40106467b8f2c0297671c3adc647d50dd4c6e6",
                "sha256:4a155eb31ee5e2855f0ba288b73ebb03ee93598ae9aa01ae87fb2b1198696a94",
                "sha256:6076dedf768348927d991f4371e5a799c6a0158b16091df08ee85ee231d929a7",
                "sha256:cb2ee78a2b243cbd3f826839cd08023bb7516a61c498a9c69a9b145dce996b80",
                "sha256:e061dc535ec1ff1edb54f4a1e72504dec9c382618817bc2178430b7a08846e4b"
            ],
            "index": "pypi",
            "version": "==0.7.1"
        },
        "nbconvert": {
            "hashes": [
                "sha256:18542116114f4340bbde64204cfb542612dfb6a6dcade3caedf13909834e27b5",
                "sha256:e0296e45293dd127d028f678e3b6aba3f1db3283a134178bdb49eea402d4cf1c",
                "sha256:fe86fe30dc53c522112d09c9917fc19320f033f48c1623fa50dd3eaf11e906e9"
            ],
            "index": "pypi",
            "version": "==4.1.0"
        },
        "nbformat": {
            "hashes": [
                "sha256:5261c957589b9dfcd387c338d59375162ba9ca82c69e378961a1f4e641285db5",
                "sha256:d304387f78d651edf3a3285052601aa8b7fe6d52dcd57e4ffd2869b2b65fda1c",
                "sha256:dc875e80f2a170b3691907e0485047027dd17d76aac95050673eca6655809ceb"
            ],
            "index": "pypi",
            "version": "==4.0.1"
        },
        "nltk": {
            "hashes": [
                "sha256:5db64a976e88cef0db9200c7f25aeceba8a86efbe09cc824f01a6d3163f7e937",
                "sha256:665225d585367f64a73ff1cb436964b425304dc772406653412e19dfe0157688"
            ],
            "index": "pypi",
            "version": "==3.6.3"
        },
        "notebook": {
            "hashes": [
                "sha256:77534b80528bbad575ac1ef80004dd0953d0721d43f7416f1a7f6125958f4035",
                "sha256:afd51c2bb108a90cac63fa2011de112786b1d3485b3fa71a3cd95a39434597df",
                "sha256:f62e7a6afbc00bab3615b927595d27b1874cff3218bddcbab62f97f6dae567c3"
            ],
            "index": "pypi",
            "version": "==4.0.6"
        },
        "numpy": {
            "hashes": [
                "sha256:130105bfc0b03245115da67b441c48597bf1ed7f5385f8388ce4f75cdf2f91d2",
                "sha256:3b21dc40fa1e2450dee8cf54991b0f95c415ac508d5db1227338efcf03c162cd",
                "sha256:405ce136edb18c6f1f8c5acc75d7d8fbb875cc8b5015562251b93435099233d3",
                "sha256:43ccfed0092def52b924e004780517c762f8fce3ececbd3f8e2580ac0538bb5e",
                "sha256:47b4c4da2fe0618b65fd70987a414fdc24c09e1ffdff77f7147a3c6627b07596",
                "sha256:4c64d9c389827f310c7f4e7887b741c34c6b2c337ff63a12f66ef0197fdf5366",
                "sha256:4eac5f2f624c5e7eecbdb51395ff39a099c48cab607a158f16f288c6fe39a2b3",
                "sha256:56e68de63ae738f40669b6a5f0601f9453940a0470a1e9bea16448e5b53f5f28",
                "sha256:5cb6341fc885b101978328d3c8d51a069a97a00699a30891106ef7dda56a0d30",
                "sha256:5dd60892710df0ef654bbf4d1e3cb53ac79845e55a96e4a26dd47218e06d819a",
                "sha256:727d6373355b00b96d9320254a676b878d6cd43ae409186bec27eec3e5e4e6e7",
                "sha256:7e9015bc5de54c8bd73ca750ccedfda25d34a25a767caf802740d35a692ec3ab",
                "sha256:818d5a1d5752d09929ce1ba1735366d5acc769a1839386dc91f3ac30cf9faf19",
                "sha256:92dce120e385767cbe433719b5e3fdb1ac81907140d3984b3187208f79aff19f",
                "sha256:95e52d1077abeead6d205c1fc644f075228813859bb625960c1ae1248c4189ba",
                "sha256:9cd16915a815c2f04633d14e7640083c1b72e82b325439c91370adfd376c9975",
                "sha256:9ce673bb7b6240b94b60b52186f5c0825f4b31e8191c8bc7412a7d0348fca2cd",
                "sha256:a65266a4ad6ec8936a1bc85ce51f8600634a31a258b722c9274a80ff189d9542",
                "sha256:bcbce5ef18dc826ef67756a0d3669baca815c8d44b26867c6865f714a23d9262",
                "sha256:ca917155b35b3bcc68ef1ad82570a29414f5088495ea8f68c65b071c50e64340",
                "sha256:cd7892f7d644d1b4ed2ead254d4851616c07ecf82618e3203e2a81747ffb6069",
                "sha256:d8dbd7e35e4819e059a044c7545d5602937d6b666dbd9b6eb8ff40037ab0980c",
                "sha256:e97cecd783e8e7e70d18a42f6df7f18be14cbcc82fb9b837b03d072d1401ae53"
            ],
            "index": "pypi",
            "version": "==1.12.1"
        },
        "path.py": {
            "hashes": [
                "sha256:486d9c17f3a41285facf41346f3799e774d7d0dfb600a5ab619806e6eadcf072",
                "sha256:ada95d117c4559abe64080961daf5badda68561afdd34c278f8ca20f2fa466d2"
            ],
            "index": "pypi",
            "version": "==8.1.2"
        },
        "pexpect": {
            "hashes": [
                "sha256:232795ebcaaf2e120396dbbaa3a129eda51757eeaae1911558f4ef8ee414fc6c"
            ],
            "index": "pypi",
            "version": "==4.0.1"
        },
        "pickleshare": {
            "hashes": [
                "sha256:c0be5745035d437dbf55a96f60b7712345b12423f7d0951bd7d8dc2141ca9286"
            ],
            "index": "pypi",
            "version": "==0.5"
        },
        "ptyprocess": {
            "hashes": [
                "sha256:dcb78fb2197b49ca1b7b2f37b047bc89c0da7a90f90bd5bc17c3ce388bb6ef59"
            ],
            "index": "pypi",
            "version": "==0.5"
        },
        "pygments": {
            "hashes": [
                "sha256:0a3a2265e1efb0defa722d1f429730dc9df975adc3c60ac7d2b432bdf03c041d",
                "sha256:5ded2fa9094fd7dfeb3da92636409fd702a0d07d606283504d7ee04401cee5cb",
                "sha256:7320919084e6dac8f4540638a46447a3bd730fca172afc17d2c03eed22cf4f51"
            ],
            "index": "pypi",
            "version": "==2.0.2"
        },
        "pyparsing": {
            "hashes": [
                "sha256:2ce0db3c70ec0413603d4aea389e4ece34ff93c265649b1c5c7d56e3c2cf19c4",
                "sha256:3470388781fb94eccf75141b0b65490637e2717f983a719011e1aa156eec3d7e",
                "sha256:56adc21a4b86391db146b7f74f8c789c396401915703bbd19b793e2a7c30bb46",
                "sha256:7e194341721f6d5516cfec0d8d99dad6c584373323b6694f8c2f089a00273c07",
                "sha256:7fa0713063d809d00db2123431a8d603474a62232491e0455cd13761e8fec655",
                "sha256:9043b3c6b0722ec8d47b853768c500ca5246ef1ecd4f9d132a43452c7d3d4588",
                "sha256:9e08c1444c91e194bd17ffdaefce7edb5a6036e57f2bb7df5b6c7776d86f4134",
                "sha256:a03b4e7ea18538064b5e1be4a66cdef35370a4e76dd10574ca35c386dbeca560",
                "sha256:b58b7d993956dab2efa41ee9424700b4c630fcbd85c41531211d36fbbd6e0592"
            ],
            "index": "pypi",
            "version": "==2.0.7"
        },
        "python-dateutil": {
            "hashes": [
                "sha256:2ae63cf475f0bd049b722fac20813d62aedc14957dd5a3bf00d120d2b5404460",
                "sha256:3e95445c1db500a344079a47b171c45ef18f57d188dffdb0e4165c71bea8eb3d"
            ],
            "index": "pypi",
            "version": "==2.4.2"
        },
        "pytz": {
            "hashes": [
                "sha256:3abe6a6d3fc2fbbe4c60144211f45da2edbe3182a6f6511af6bbba0598b1f992",
                "sha256:3cca0df08bd0ed98432390494ce3ded003f5e661aa460be7a734bffe35983605",
                "sha256:3ede470d3d17ba3c07638dfa0d10452bc1b6e5ad326127a65ba77e6aaeb11bec",
                "sha256:68c47964f7186eec306b13629627722b9079cd4447ed9e5ecaecd4eac84ca734",
                "sha256:81af9aec4bc960a9a0127c488f18772dae4634689233f06f65443e7b11ebeb51",
                "sha256:8b6ce1c993909783bc96e0b4f34ea223bff7a4df2c90bdb9c4e0f1ac928689e3",
                "sha256:939ef9c1e1224d980405689a97ffcf7828c56d1517b31d73464356c1f2b7769e",
                "sha256:99266ef30a37e43932deec2b7ca73e83c8dbc3b9ff703ec73eca6b1dae6befea",
                "sha256:a77c52062c07eb7c7b30545dbc73e32995b7e117eea750317b5cb5c7a4618f14",
                "sha256:dd5d3991950aae40a6c81de1578942e73d629808cefc51d12cd157980e6cfc18",
                "sha256:e079b1dadc5c06246cc1bb6fe1b23a50b1d1173f2edd5104efd40bb73a28f406",
                "sha256:ead4aefa7007249e05e51b01095719d5a8dd95760089f5730aac5698b1932918",
                "sha256:fbd26746772c24cb93c8b97cbdad5cb9e46c86bbdb1b9d8a743ee00e2fb1fc5d"
            ],
            "index": "pypi",
            "version": "==2015.7"
        },
        "pyzmq": {
            "hashes": [
                "sha256:0ca6cd58f62a2751728016d40082008d3b3412a7f28ddfb4a2f0d3c130f69e74",
                "sha256:1621e7a2af72cced1f6ec8ca8ca91d0f76ac236ab2e8828ac8fe909512d566cb",
                "sha256:18cd854b423fce44951c3a4d3e686bac8f1243d954f579e120a1714096637cc0",
                "sha256:2841997a0d85b998cbafecb4183caf51fd19c4357075dfd33eb7efea57e4c149",
                "sha256:2b97502c16a5ec611cd52410bdfaab264997c627a46b0f98d3f666227fd1ea2d",
                "sha256:3a4c9886d61d386b2b493377d980f502186cd71d501fffdba52bd2a0880cef4f",
                "sha256:3c1895c95be92600233e476fe283f042e71cf8f0b938aabf21b7aafa62a8dac9",
                "sha256:42abddebe2c6a35180ca549fadc7228d23c1e1f76167c5ebc8a936b5804ea2df",
                "sha256:480b9931bfb08bf8b094edd4836271d4d6b44150da051547d8c7113bf947a8b0",
                "sha256:67db33bea0a29d03e6eeec55a8190e033318cee3cbc732ba8fd939617cbf762d",
                "sha256:6b217b8f9dfb6628f74b94bdaf9f7408708cb02167d644edca33f38746ca12dd",
                "sha256:7661fc1d5cb73481cf710a1418a4e1e301ed7d5d924f91c67ba84b2a1b89defd",
                "sha256:76c532fd68b93998aab92356be280deec5de8f8fe59cd28763d2cc8a58747b7f",
                "sha256:79244b9e97948eaf38695f4b8e6fc63b14b78cc37f403c6642ba555517ac1268",
                "sha256:7c58f598d9fcc52772b89a92d72bf8829c12d09746a6d2c724c5b30076c1f11d",
                "sha256:7dc09198e4073e6015d9a8ea093fc348d4e59de49382476940c3dd9ae156fba8",
                "sha256:80e043a89c6cadefd3a0712f8a1322038e819ebe9dbac7eca3bce1721bcb63bf",
                "sha256:851977788b9caa8ed011f5f643d3ee8653af02c5fc723fa350db5125abf2be7b",
                "sha256:8eddc033e716f8c91c6a2112f0a8ebc5e00532b4a6ae1eb0ccc48e027f9c671c",
                "sha256:954e73c9cd4d6ae319f1c936ad159072b6d356a92dcbbabfd6e6204b9a79d356",
                "sha256:ab888624ed68930442a3f3b0b921ad7439c51ba122dbc8c386e6487a658e4a4e",
                "sha256:acebba1a23fb9d72b42471c3771b6f2f18dcd46df77482612054bd45c07dfa36",
                "sha256:b4ebed0977f92320f6686c96e9e8dd29eed199eb8d066936bac991afc37cbb70",
                "sha256:be4e0f229cf3a71f9ecd633566bd6f80d9fa6afaaff5489492be63fe459ef98c",
                "sha256:c0f84360dcca3481e8674393bdf931f9f10470988f87311b19d23cda869bb6b7",
                "sha256:c1e41b32d6f7f9c26bc731a8b529ff592f31fc8b6ef2be9fa74abd05c8a342d7",
                "sha256:cf98fd7a6c8aaa08dbc699ffae33fd71175696d78028281bc7b832b26f00ca57",
                "sha256:d072f7dfbdb184f0786d63bda26e8a0882041b1e393fbe98940395f7fab4c5e2",
                "sha256:d3dcb5548ead4f1123851a5ced467791f6986d68c656bc63bfff1bf9e36671e2",
                "sha256:d6157793719de168b199194f6b6173f0ccd3bf3499e6870fac17086072e39115",
                "sha256:d728b08448e5ac3e4d886b165385a262883c34b84a7fe1166277fe675e1c197a",
                "sha256:de8df0684398bd74ad160afdc2a118ca28384ac6f5e234eb0508858d8d2d9364",
                "sha256:e6a02cf7271ee94674a44f4e62aa061d2d049001c844657740e156596298b70b",
                "sha256:ea12133df25e3a6918718fbb9a510c6ee5d3fdd5a346320421aac3882f4feeea",
                "sha256:f43b4a2e6218371dd4f41e547bd919ceeb6ebf4abf31a7a0669cd11cd91ea973",
                "sha256:f762442bab706fd874064ca218b33a1d8e40d4938e96c24dafd9b12e28017f45",
                "sha256:f89468059ebc519a7acde1ee50b779019535db8dcf9b8c162ef669257fef7a93"
            ],
            "markers": "python_version >= '3.6'",
            "version": "==22.3.0"
        },
        "qtconsole": {
            "hashes": [
                "sha256:741906acae9e02c0df9138ac88b621ef22e438565aa96d783a9ef88faec3de46",
                "sha256:a5eb4befe76a786e318b9a28129736e3afee415b4bbcdd89ebd6773280be97f1",
                "sha256:c416f5522351264c95e1a572584e9140c967851eff28e6a2ce858479845834ef"
            ],
            "index": "pypi",
            "version": "==4.1.1"
        },
        "regex": {
            "hashes": [
                "sha256:0628ed7d6334e8f896f882a5c1240de8c4d9b0dd7c7fb8e9f4692f5684b7d656",
                "sha256:09eb62654030f39f3ba46bc6726bea464069c29d00a9709e28c9ee9623a8da4a",
                "sha256:0bba1f6df4eafe79db2ecf38835c2626dbd47911e0516f6962c806f83e7a99ae",
                "sha256:10a7a9cbe30bd90b7d9a1b4749ef20e13a3528e4215a2852be35784b6bd070f0",
                "sha256:17310b181902e0bb42b29c700e2c2346b8d81f26e900b1328f642e225c88bce1",
                "sha256:1e8d1898d4fb817120a5f684363b30108d7b0b46c7261264b100d14ec90a70e7",
                "sha256:2054dea683f1bda3a804fcfdb0c1c74821acb968093d0be16233873190d459e3",
                "sha256:29385c4dbb3f8b3a55ce13de6a97a3d21bd00de66acd7cdfc0b49cb2f08c906c",
                "sha256:295bc8a13554a25ad31e44c4bedabd3c3e28bba027e4feeb9bb157647a2344a7",
                "sha256:2cdb3789736f91d0b3333ac54d12a7e4f9efbc98f53cb905d3496259a893a8b3",
                "sha256:3baf3eaa41044d4ced2463fd5d23bf7bd4b03d68739c6c99a59ce1f95599a673",
                "sha256:4e61100200fa6ab7c99b61476f9f9653962ae71b931391d0264acfb4d9527d9c",
                "sha256:6266fde576e12357b25096351aac2b4b880b0066263e7bc7a9a1b4307991bb0e",
                "sha256:650c4f1fc4273f4e783e1d8e8b51a3e2311c2488ba0fcae6425b1e2c248a189d",
                "sha256:658e3477676009083422042c4bac2bdad77b696e932a3de001c42cc046f8eda2",
                "sha256:6adc1bd68f81968c9d249aab8c09cdc2cbe384bf2d2cb7f190f56875000cdc72",
                "sha256:6c4d83d21d23dd854ffbc8154cf293f4e43ba630aa9bd2539c899343d7f59da3",
                "sha256:6f74b6d8f59f3cfb8237e25c532b11f794b96f5c89a6f4a25857d85f84fbef11",
                "sha256:7783d89bd5413d183a38761fbc68279b984b9afcfbb39fa89d91f63763fbfb90",
                "sha256:7e3536f305f42ad6d31fc86636c54c7dafce8d634e56fef790fbacb59d499dd5",
                "sha256:821e10b73e0898544807a0692a276e539e5bafe0a055506a6882814b6a02c3ec",
                "sha256:835962f432bce92dc9bf22903d46c50003c8d11b1dc64084c8fae63bca98564a",
                "sha256:85c61bee5957e2d7be390392feac7e1d7abd3a49cbaed0c8cee1541b784c8561",
                "sha256:86f9931eb92e521809d4b64ec8514f18faa8e11e97d6c2d1afa1bcf6c20a8eab",
                "sha256:8a5c2250c0a74428fd5507ae8853706fdde0f23bfb62ee1ec9418eeacf216078",
                "sha256:8aec4b4da165c4a64ea80443c16e49e3b15df0f56c124ac5f2f8708a65a0eddc",
                "sha256:8c268e78d175798cd71d29114b0a1f1391c7d011995267d3b62319ec1a4ecaa1",
                "sha256:8d80087320632457aefc73f686f66139801959bf5b066b4419b92be85be3543c",
                "sha256:95e89a8558c8c48626dcffdf9c8abac26b7c251d352688e7ab9baf351e1c7da6",
                "sha256:9c371dd326289d85906c27ec2bc1dcdedd9d0be12b543d16e37bad35754bde48",
                "sha256:9c7cb25adba814d5f419733fe565f3289d6fa629ab9e0b78f6dff5fa94ab0456",
                "sha256:a731552729ee8ae9c546fb1c651c97bf5f759018fdd40d0e9b4d129e1e3a44c8",
                "sha256:aea4006b73b555fc5bdb650a8b92cf486d678afa168cf9b38402bb60bf0f9c18",
                "sha256:b0e3f59d3c772f2c3baaef2db425e6fc4149d35a052d874bb95ccfca10a1b9f4",
                "sha256:b15dc34273aefe522df25096d5d087abc626e388a28a28ac75a4404bb7668736",
                "sha256:c000635fd78400a558bd7a3c2981bb2a430005ebaa909d31e6e300719739a949",
                "sha256:c31f35a984caffb75f00a86852951a337540b44e4a22171354fb760cefa09346",
                "sha256:c50a6379763c733562b1fee877372234d271e5c78cd13ade5f25978aa06744db",
                "sha256:c94722bf403b8da744b7d0bb87e1f2529383003ceec92e754f768ef9323f69ad",
                "sha256:dcbbc9cfa147d55a577d285fd479b43103188855074552708df7acc31a476dd9",
                "sha256:fb9f5844db480e2ef9fce3a72e71122dd010ab7b2920f777966ba25f7eb63819"
            ],
            "version": "==2021.9.24"
        },
        "requests": {
            "hashes": [
                "sha256:6a1b267aa90cac58ac3a765d067950e7dbbf75b1da07e895d1f594193a40a38b",
                "sha256:9c443e7324ba5b85070c4a818ade28bfabedf16ea10206da1132edaa6dda237e"
            ],
            "index": "pypi",
            "version": "==2.18.4"
        },
        "scipy": {
            "hashes": [
                "sha256:0496f2b204a63cde3797e5452bf671ee25afc11bd9489ae69cd4dccee13083a1",
                "sha256:1bcf71f2e534a1aabf9f075700701bf3af434120b1b114dfa4723d02e076ed1f",
                "sha256:2e70ded029d51f6a48d4b2a154f583b85aa2e3290dfd71e0b6bbcfe9454cffdd",
                "sha256:3c34987ee52fd98b34f2e4a6d277b452d49056f1383550acc54c5bab408a194c",
                "sha256:4147b97709e75822e73d312e4d262410baafa961a7b11649a7b4b7c2d41fb4fe",
                "sha256:4190d34bf9a09626cd42100bbb12e3d96b2daf1a8a3244e991263eb693732122",
                "sha256:47f537214293a5d74b05d217afa49b582b7fd9428ec9ea64be69210cfc56611a",
                "sha256:4b2731a191dfa48a05b2f5bc18881595a1418092092ecdd8d3feab80f72adc96",
                "sha256:517a85600d6574fef1a67e6d2001b847c27c8bfd136f7a12879c3f91e7bb291f",
                "sha256:57f7be33f1009ad6199132e8a7e5d4c9727224680d8cbc4596a2a8935a86f96b",
                "sha256:663e78bfa197376547424aff9fb5009e7b2f26855ee5aaf1a2ddbb2f4dc6af3b",
                "sha256:e1c45905f550b5f14e1f47697c92bab5c1e6ba77da5a441bd2affa4621c41b26",
                "sha256:eabdfde8276007e9aec9a400f9528645001a30f7d78b04a0ab215183d9523e2a",
                "sha256:f5a3a7dcbeb345c227770029870aeb547a3c207a6cbc0106d6157139fd0c23e9",
                "sha256:fa67bbb0a3225fcd8610d693e7b2ca08fda107359e48229f7b83593bbb70cc97"
            ],
            "index": "pypi",
            "version": "==0.19.0"
        },
        "simplegeneric": {
            "hashes": [
                "sha256:dc972e06094b9af5b855b3df4a646395e43d1c9d0d39ed345b7393560d0b9173"
            ],
            "index": "pypi",
            "version": "==0.8.1"
        },
        "singledispatch": {
            "hashes": [
                "sha256:5b06af87df13818d14f08a028e42f566640aef80805c3b50c5056b086e3c2b9c",
                "sha256:833b46966687b3de7f438c761ac475213e53b306740f1abfaa86e1d1aae56aa8"
            ],
            "index": "pypi",
            "version": "==3.4.0.3"
        },
        "six": {
            "hashes": [
                "sha256:1e61c37477a1626458e36f7b1d82aa5c9b094fa4802892072e49de9c60c4c926",
                "sha256:8abb2f1d86890a2dfb989f9a77cfcfd3e47c2a354b01111771326f8aa26e0254"
            ],
            "markers": "python_version >= '2.7' and python_version not in '3.0, 3.1, 3.2, 3.3'",
            "version": "==1.16.0"
        },
        "terminado": {
            "hashes": [
                "sha256:63e893eff1ba84f1ee7c4bfcca7676ba1de6394538bb9aa80cbbc8866cb875b6"
            ],
            "index": "pypi",
            "version": "==0.5"
        },
        "tornado": {
            "hashes": [
                "sha256:042255160bb1976d2aa3d9e0f32ac7f8c1bc2dfab7b2c86688a3bd6088ba90e1",
                "sha256:295e1f38225ce2bdd85a0524e265e9adea40507333829f3a7d64c588dd78ff21",
                "sha256:c9c2d32593d16eedf2cec1b6a41893626a2649b40b21ca9c4cac4243bde2efbf"
            ],
            "index": "pypi",
            "version": "==4.3"
        },
        "tqdm": {
            "hashes": [
                "sha256:8dd278a422499cd6b727e6ae4061c40b48fce8b76d1ccbf5d34fca9b7f925b0c",
                "sha256:d359de7217506c9851b7869f3708d8ee53ed70a1b8edbba4dbcb47442592920d"
            ],
            "markers": "python_version >= '2.7' and python_version not in '3.0, 3.1, 3.2, 3.3'",
            "version": "==4.62.3"
        },
        "traitlets": {
            "hashes": [
                "sha256:0b140b4a94a4f1951887d9bce4650da211f79600fc9fdb422acc90c5bbe0233b",
                "sha256:5461707171e0f3c500c90eedef87d41e72a682da4894686d71825e16c824909d"
            ],
            "index": "pypi",
            "version": "==4.0.0"
        },
        "typing-extensions": {
            "hashes": [
                "sha256:49f75d16ff11f1cd258e1b988ccff82a3ca5570217d7ad8c5f48205dd99a677e",
                "sha256:d8226d10bc02a29bcc81df19a26e56a9647f8b0a6d4a83924139f4a8b01f17b7",
                "sha256:f1d25edafde516b146ecd0613dabcc61409817af4766fbbcfb8d1ad4ec441a34"
            ],
            "markers": "python_version < '3.8'",
            "version": "==3.10.0.2"
        },
        "urllib3": {
            "hashes": [
                "sha256:06330f386d6e4b195fbfc736b297f58c5a892e4440e54d294d7004e3a9bbea1b",
                "sha256:cc44da8e1145637334317feebd728bd869a35285b93cbb4cca2577da7e62db4f"
            ],
            "version": "==1.22"
        },
        "zipp": {
            "hashes": [
                "sha256:71c644c5369f4a6e07636f0aa966270449561fcea2e3d6747b8d23efaa9d7832",
                "sha256:9fe5ea21568a0a70e50f273397638d39b03353731e6cbbb3fd8502a33fec40bc"
            ],
            "markers": "python_version >= '3.6'",
            "version": "==3.6.0"
        }
    },
    "develop": {}
}
